// !$*UTF8*$!
{
	archiveVersion = 1;
	classes = {
	};
	objectVersion = 46;
	objects = {

/* Begin PBXBuildFile section */
		717223DB1C8F1A4A006F1352 /* main.m in Sources */ = {isa = PBXBuildFile; fileRef = 717223DA1C8F1A4A006F1352 /* main.m */; };
		717223E31C8F1A81006F1352 /* Student.m in Sources */ = {isa = PBXBuildFile; fileRef = 717223E21C8F1A81006F1352 /* Student.m */; };
/* End PBXBuildFile section */

/* Begin PBXCopyFilesBuildPhase section */
		717223D51C8F1A4A006F1352 /* CopyFiles */ = {
			isa = PBXCopyFilesBuildPhase;
			buildActionMask = 2147483647;
			dstPath = /usr/share/man/man1/;
			dstSubfolderSpec = 0;
			files = (
			);
			runOnlyForDeploymentPostprocessing = 1;
		};
/* End PBXCopyFilesBuildPhase section */

/* Begin PBXFileReference section */
		717223D71C8F1A4A006F1352 /* OC的类 */ = {isa = PBXFileReference; explicitFileType = "compiled.mach-o.executable"; includeInIndex = 0; path = "OC的类"; sourceTree = BUILT_PRODUCTS_DIR; };
		717223DA1C8F1A4A006F1352 /* main.m */ = {isa = PBXFileReference; lastKnownFileType = sourcecode.c.objc; path = main.m; sourceTree = "<group>"; };
		717223E11C8F1A81006F1352 /* Student.h */ = {isa = PBXFileReference; fileEncoding = 4; lastKnownFileType = sourcecode.c.h; path = Student.h; sourceTree = "<group>"; };
		717223E21C8F1A81006F1352 /* Student.m */ = {isa = PBXFileReference; fileEncoding = 4; lastKnownFileType = sourcecode.c.objc; path = Student.m; sourceTree = "<group>"; };
/* End PBXFileReference section */

/* Begin PBXFrameworksBuildPhase section */
		717223D41C8F1A4A006F1352 /* Frameworks */ = {
			isa = PBXFrameworksBuildPhase;
			buildActionMask = 2147483647;
			files = (
			);
			runOnlyForDeploymentPostprocessing = 0;
		};
/* End PBXFrameworksBuildPhase section */

/* Begin PBXGroup section */
		717223CE1C8F1A4A006F1352 = {
			isa = PBXGroup;
			children = (
				717223E11C8F1A81006F1352 /* Student.h */,
				717223E21C8F1A81006F1352 /* Student.m */,
				717223D91C8F1A4A006F1352 /* OC的类 */,
				717223D81C8F1A4A006F1352 /* Products */,
			);
			sourceTree = "<group>";
		};
		717223D81C8F1A4A006F1352 /* Products */ = {
			isa = PBXGroup;
			children = (
				717223D71C8F1A4A006F1352 /* OC的类 */,
			);
			name = Products;
			sourceTree = "<group>";
		};
		717223D91C8F1A4A006F1352 /* OC的类 */ = {
			isa = PBXGroup;
			children = (
				717223DA1C8F1A4A006F1352 /* main.m */,
			);
			path = "OC的类";
			sourceTree = "<group>";
		};
/* End PBXGroup section */

/* Begin PBXNativeTarget section */
		717223D61C8F1A4A006F1352 /* OC的类 */ = {
			isa = PBXNativeTarget;
			buildConfigurationList = 717223DE1C8F1A4A006F1352 /* Build configuration list for PBXNativeTarget "OC的类" */;
			buildPhases = (
				717223D31C8F1A4A006F1352 /* Sources */,
				717223D41C8F1A4A006F1352 /* Frameworks */,
				717223D51C8F1A4A006F1352 /* CopyFiles */,
			);
			buildRules = (
			);
			dependencies = (
			);
			name = "OC的类";
			productName = "OC的类";
			productReference = 717223D71C8F1A4A006F1352 /* OC的类 */;
			productType = "com.apple.product-type.tool";
		};
/* End PBXNativeTarget section */

/* Begin PBXProject section */
		717223CF1C8F1A4A006F1352 /* Project object */ = {
			isa = PBXProject;
			attributes = {
				LastUpgradeCheck = 0720;
				ORGANIZATIONNAME = ray;
				TargetAttributes = {
					717223D61C8F1A4A006F1352 = {
						CreatedOnToolsVersion = 7.2.1;
					};
				};
			};
			buildConfigurationList = 717223D21C8F1A4A006F1352 /* Build configuration list for PBXProject "OC的类" */;
			compatibilityVersion = "Xcode 3.2";
			developmentRegion = English;
			hasScannedForEncodings = 0;
			knownRegions = (
				en,
			);
			mainGroup = 717223CE1C8F1A4A006F1352;
			productRefGroup = 717223D81C8F1A4A006F1352 /* Products */;
			projectDirPath = "";
			projectRoot = "";
			targets = (
				717223D61C8F1A4A006F1352 /* OC的类 */,
			);
		};
/* End PBXProject section */

/* Begin PBXSourcesBuildPhase section */
		717223D31C8F1A4A006F1352 /* Sources */ = {
			isa = PBXSourcesBuildPhase;
			buildActionMask = 2147483647;
			files = (
				717223DB1C8F1A4A006F1352 /* main.m in Sources */,
				717223E31C8F1A81006F1352 /* Student.m in Sources */,
			);
			runOnlyForDeploymentPostprocessing = 0;
		};
/* End PBXSourcesBuildPhase section */

/* Begin XCBuildConfiguration section */
		717223DC1C8F1A4A006F1352 /* Debug */ = {
			isa = XCBuildConfiguration;
			buildSettings = {
				ALWAYS_SEARCH_USER_PATHS = NO;
				CLANG_CXX_LANGUAGE_STANDARD = "gnu++0x";
				CLANG_CXX_LIBRARY = "libc++";
				CLANG_ENABLE_MODULES = YES;
				CLANG_ENABLE_OBJC_ARC = NO;
				CLANG_WARN_BOOL_CONVERSION = YES;
				CLANG_WARN_CONSTANT_CONVERSION = YES;
				CLANG_WARN_DIRECT_OBJC_ISA_USAGE = YES_ERROR;
				CLANG_WARN_EMPTY_BODY = YES;
				CLANG_WARN_ENUM_CONVERSION = YES;
				CLANG_WARN_INT_CONVERSION = YES;
				CLANG_WARN_OBJC_ROOT_CLASS = YES_ERROR;
				CLANG_WARN_UNREACHABLE_CODE = YES;
				CLANG_WARN__DUPLICATE_METHOD_MATCH = YES;
				CODE_SIGN_IDENTITY = "-";
				COPY_PHASE_STRIP = NO;
				DEBUG_INFORMATION_FORMAT = dwarf;
				ENABLE_STRICT_OBJC_MSGSEND = YES;
				ENABLE_TESTABILITY = YES;
				GCC_C_LANGUAGE_STANDARD = gnu99;
				GCC_DYNAMIC_NO_PIC = NO;
				GCC_NO_COMMON_BLOCKS = YES;
				GCC_OPTIMIZATION_LEVEL = 0;
				GCC_PREPROCESSOR_DEFINITIONS = (
					"DEBUG=1",
					"$(inherited)",
				);
				GCC_WARN_64_TO_32_BIT_CONVERSION = YES;
				GCC_WARN_ABOUT_RETURN_TYPE = YES_ERROR;
				GCC_WARN_UNDECLARED_SELECTOR = YES;
				GCC_WARN_UNINITIALIZED_AUTOS = YES_AGGRESSIVE;
				GCC_WARN_UNUSED_FUNCTION = YES;
				GCC_WARN_UNUSED_VARIABLE = YES;
				MACOSX_DEPLOYMENT_TARGET = 10.11;
				MTL_ENABLE_DEBUG_INFO = YES;
				ONLY_ACTIVE_ARCH = YES;
				SDKROOT = macosx;
			};
			name = Debug;
		};
		717223DD1C8F1A4A006F1352 /* Release */ = {
			isa = XCBuildConfiguration;
			buildSettings = {
				ALWAYS_SEARCH_USER_PATHS = NO;
				CLANG_CXX_LANGUAGE_STANDARD = "gnu++0x";
				CLANG_CXX_LIBRARY = "libc++";
				CLANG_ENABLE_MODULES = YES;
				CLANG_ENABLE_OBJC_ARC = NO;
				CLANG_WARN_BOOL_CONVERSION = YES;
				CLANG_WARN_CONSTANT_CONVERSION = YES;
				CLANG_WARN_DIRECT_OBJC_ISA_USAGE = YES_ERROR;
				CLANG_WARN_EMPTY_BODY = YES;
				CLANG_WARN_ENUM_CONVERSION = YES;
				CLANG_WARN_INT_CONVERSION = YES;
				CLANG_WARN_OBJC_ROOT_CLASS = YES_ERROR;
				CLANG_WARN_UNREACHABLE_CODE = YES;
				CLANG_WARN__DUPLICATE_METHOD_MATCH = YES;
				CODE_SIGN_IDENTITY = "-";
				COPY_PHASE_STRIP = NO;
				DEBUG_INFORMATION_FORMAT = "dwarf-with-dsym";
				ENABLE_NS_ASSERTIONS = NO;
				ENABLE_STRICT_OBJC_MSGSEND = YES;
				GCC_C_LANGUAGE_STANDARD = gnu99;
				GCC_NO_COMMON_BLOCKS = YES;
				GCC_WARN_64_TO_32_BIT_CONVERSION = YES;
				GCC_WARN_ABOUT_RETURN_TYPE = YES_ERROR;
				GCC_WARN_UNDECLARED_SELECTOR = YES;
				GCC_WARN_UNINITIALIZED_AUTOS = YES_AGGRESSIVE;
				GCC_WARN_UNUSED_FUNCTION = YES;
				GCC_WARN_UNUSED_VARIABLE = YES;
				MACOSX_DEPLOYMENT_TARGET = 10.11;
				MTL_ENABLE_DEBUG_INFO = NO;
				SDKROOT = macosx;
			};
			name = Release;
		};
		717223DF1C8F1A4A006F1352 /* Debug */ = {
			isa = XCBuildConfiguration;
			buildSettings = {
				PRODUCT_NAME = "$(TARGET_NAME)";
			};
			name = Debug;
		};
		717223E01C8F1A4A006F1352 /* Release */ = {
			isa = XCBuildConfiguration;
			buildSettings = {
				PRODUCT_NAME = "$(TARGET_NAME)";
			};
			name = Release;
		};
/* End XCBuildConfiguration section */

/* Begin XCConfigurationList section */
		717223D21C8F1A4A006F1352 /* Build configuration list for PBXProject "OC的类" */ = {
			isa = XCConfigurationList;
			buildConfigurations = (
				717223DC1C8F1A4A006F1352 /* Debug */,
				717223DD1C8F1A4A006F1352 /* Release */,
			);
			defaultConfigurationIsVisible = 0;
			defaultConfigurationName = Release;
		};
		717223DE1C8F1A4A006F1352 /* Build configuration list for PBXNativeTarget "OC的类" */ = {
			isa = XCConfigurationList;
			buildConfigurations = (
				717223DF1C8F1A4A006F1352 /* Debug */,
				717223E01C8F1A4A006F1352 /* Release */,
			);
			defaultConfigurationIsVisible = 0;
		};
/* End XCConfigurationList section */
	};
	rootObject = 717223CF1C8F1A4A006F1352 /* Project object */;
}
